<?xml version="1.0" encoding="utf-8"?>
<Project ToolsVersion="17.0" xmlns="http://schemas.microsoft.com/developer/msbuild/2003">
  <ItemGroup>
    <CustomBuild Include="C:\Users\lifto\Documents\C++\Problem\LinkedList\CMakeFiles\dc0a36b4f57183b39300926e91d384e9\generate.stamp.rule">
      <Filter>CMake Rules</Filter>
    </CustomBuild>
  </ItemGroup>
  <ItemGroup>
    <Filter Include="CMake Rules">
      <UniqueIdentifier>{FB432A2B-37A4-3C8C-8AB3-38F1FD762CC2}</UniqueIdentifier>
    </Filter>
  </ItemGroup>
</Project>
